
Microsoft Visual Studio Solution File, Format Version 12.00
# Visual Studio Version 17
VisualStudioVersion = 17.5.33414.496
MinimumVisualStudioVersion = 10.0.40219.1
Project("{9A19103F-16F7-4668-BE54-9A1E7A4F7556}") = "ArkProjects.EHentai.MetricsCollector", "ArkProjects.EHentai.MetricsCollector\ArkProjects.EHentai.MetricsCollector.csproj", "{623C6979-644F-434A-9E86-2E50A4EE28C3}"
EndProject
Global
	GlobalSection(SolutionConfigurationPlatforms) = preSolution
		Debug|Any CPU = Debug|Any CPU
		Release|Any CPU = Release|Any CPU
	EndGlobalSection
	GlobalSection(ProjectConfigurationPlatforms) = postSolution
		{623C6979-644F-434A-9E86-2E50A4EE28C3}.Debug|Any CPU.ActiveCfg = Debug|Any CPU
		{623C6979-644F-434A-9E86-2E50A4EE28C3}.Debug|Any CPU.Build.0 = Debug|Any CPU
		{623C6979-644F-434A-9E86-2E50A4EE28C3}.Release|Any CPU.ActiveCfg = Release|Any CPU
		{623C6979-644F-434A-9E86-2E50A4EE28C3}.Release|Any CPU.Build.0 = Release|Any CPU
	EndGlobalSection
	GlobalSection(SolutionProperties) = preSolution
		HideSolutionNode = FALSE
	EndGlobalSection
	GlobalSection(ExtensibilityGlobals) = postSolution
		SolutionGuid = {B384A0E4-4CBF-4E43-BDBF-B47963688798}
	EndGlobalSection
EndGlobal
